// !$*UTF8*$!
{
	archiveVersion = 1;
	classes = {
	};
	objectVersion = 56;
	objects = {

/* Begin PBXBuildFile section */
		9802F8492A48F3D4009B7726 /* SelectButton.swift in Sources */ = {isa = PBXBuildFile; fileRef = 9802F8482A48F3D4009B7726 /* SelectButton.swift */; };
		980EDCC32A40056800B2E725 /* TagButton.swift in Sources */ = {isa = PBXBuildFile; fileRef = 980EDCC22A40056800B2E725 /* TagButton.swift */; };
		980EDCC52A40097E00B2E725 /* CreateRouteView.swift in Sources */ = {isa = PBXBuildFile; fileRef = 980EDCC42A40097E00B2E725 /* CreateRouteView.swift */; };
		980EDCCB2A40984E00B2E725 /* Location.swift in Sources */ = {isa = PBXBuildFile; fileRef = 980EDCCA2A40984E00B2E725 /* Location.swift */; };
		980EDCCD2A41CDF600B2E725 /* Tag.swift in Sources */ = {isa = PBXBuildFile; fileRef = 980EDCCC2A41CDF600B2E725 /* Tag.swift */; };
		980EDCCF2A41DE8900B2E725 /* ItemLocationView.swift in Sources */ = {isa = PBXBuildFile; fileRef = 980EDCCE2A41DE8900B2E725 /* ItemLocationView.swift */; };
		980EDCD12A44717E00B2E725 /* CreateRoteWeatherStatusView.swift in Sources */ = {isa = PBXBuildFile; fileRef = 980EDCD02A44717E00B2E725 /* CreateRoteWeatherStatusView.swift */; };
		98C9A02A2A3C9D3F00EE5D6E /* CLLocationManager.swift in Sources */ = {isa = PBXBuildFile; fileRef = 98C9A0292A3C9D3F00EE5D6E /* CLLocationManager.swift */; };
		98C9A02C2A3C9D9800EE5D6E /* WeatherView.swift in Sources */ = {isa = PBXBuildFile; fileRef = 98C9A02B2A3C9D9800EE5D6E /* WeatherView.swift */; };
		98C9A02E2A3C9E8D00EE5D6E /* WeatherKitManager.swift in Sources */ = {isa = PBXBuildFile; fileRef = 98C9A02D2A3C9E8D00EE5D6E /* WeatherKitManager.swift */; };
		98C9A0312A3CA34A00EE5D6E /* WeatherFakeView.swift in Sources */ = {isa = PBXBuildFile; fileRef = 98C9A0302A3CA34A00EE5D6E /* WeatherFakeView.swift */; };
		D634D4012A38B35C0031A934 /* MPChallengeApp.swift in Sources */ = {isa = PBXBuildFile; fileRef = D634D4002A38B35C0031A934 /* MPChallengeApp.swift */; };
		D634D4032A38B35C0031A934 /* ContentView.swift in Sources */ = {isa = PBXBuildFile; fileRef = D634D4022A38B35C0031A934 /* ContentView.swift */; };
		D634D4052A38B35E0031A934 /* Assets.xcassets in Resources */ = {isa = PBXBuildFile; fileRef = D634D4042A38B35E0031A934 /* Assets.xcassets */; };
		D634D4082A38B35E0031A934 /* Preview Assets.xcassets in Resources */ = {isa = PBXBuildFile; fileRef = D634D4072A38B35E0031A934 /* Preview Assets.xcassets */; };
/* End PBXBuildFile section */

/* Begin PBXFileReference section */
		9802F8482A48F3D4009B7726 /* SelectButton.swift */ = {isa = PBXFileReference; lastKnownFileType = sourcecode.swift; path = SelectButton.swift; sourceTree = "<group>"; };
		980EDCC22A40056800B2E725 /* TagButton.swift */ = {isa = PBXFileReference; lastKnownFileType = sourcecode.swift; path = TagButton.swift; sourceTree = "<group>"; };
		980EDCC42A40097E00B2E725 /* CreateRouteView.swift */ = {isa = PBXFileReference; lastKnownFileType = sourcecode.swift; path = CreateRouteView.swift; sourceTree = "<group>"; };
		980EDCCA2A40984E00B2E725 /* Location.swift */ = {isa = PBXFileReference; lastKnownFileType = sourcecode.swift; path = Location.swift; sourceTree = "<group>"; };
		980EDCCC2A41CDF600B2E725 /* Tag.swift */ = {isa = PBXFileReference; lastKnownFileType = sourcecode.swift; path = Tag.swift; sourceTree = "<group>"; };
		980EDCCE2A41DE8900B2E725 /* ItemLocationView.swift */ = {isa = PBXFileReference; lastKnownFileType = sourcecode.swift; path = ItemLocationView.swift; sourceTree = "<group>"; };
		980EDCD02A44717E00B2E725 /* CreateRoteWeatherStatusView.swift */ = {isa = PBXFileReference; lastKnownFileType = sourcecode.swift; path = CreateRoteWeatherStatusView.swift; sourceTree = "<group>"; };
		98C9A0292A3C9D3F00EE5D6E /* CLLocationManager.swift */ = {isa = PBXFileReference; lastKnownFileType = sourcecode.swift; path = CLLocationManager.swift; sourceTree = "<group>"; };
		98C9A02B2A3C9D9800EE5D6E /* WeatherView.swift */ = {isa = PBXFileReference; lastKnownFileType = sourcecode.swift; path = WeatherView.swift; sourceTree = "<group>"; };
		98C9A02D2A3C9E8D00EE5D6E /* WeatherKitManager.swift */ = {isa = PBXFileReference; lastKnownFileType = sourcecode.swift; path = WeatherKitManager.swift; sourceTree = "<group>"; };
		98C9A02F2A3C9FA200EE5D6E /* MPChallenge.entitlements */ = {isa = PBXFileReference; lastKnownFileType = text.plist.entitlements; path = MPChallenge.entitlements; sourceTree = "<group>"; };
		98C9A0302A3CA34A00EE5D6E /* WeatherFakeView.swift */ = {isa = PBXFileReference; lastKnownFileType = sourcecode.swift; path = WeatherFakeView.swift; sourceTree = "<group>"; };
		D634D3FD2A38B35C0031A934 /* MPChallenge.app */ = {isa = PBXFileReference; explicitFileType = wrapper.application; includeInIndex = 0; path = MPChallenge.app; sourceTree = BUILT_PRODUCTS_DIR; };
		D634D4002A38B35C0031A934 /* MPChallengeApp.swift */ = {isa = PBXFileReference; lastKnownFileType = sourcecode.swift; path = MPChallengeApp.swift; sourceTree = "<group>"; };
		D634D4022A38B35C0031A934 /* ContentView.swift */ = {isa = PBXFileReference; lastKnownFileType = sourcecode.swift; path = ContentView.swift; sourceTree = "<group>"; };
		D634D4042A38B35E0031A934 /* Assets.xcassets */ = {isa = PBXFileReference; lastKnownFileType = folder.assetcatalog; path = Assets.xcassets; sourceTree = "<group>"; };
		D634D4072A38B35E0031A934 /* Preview Assets.xcassets */ = {isa = PBXFileReference; lastKnownFileType = folder.assetcatalog; path = "Preview Assets.xcassets"; sourceTree = "<group>"; };
/* End PBXFileReference section */

/* Begin PBXFrameworksBuildPhase section */
		D634D3FA2A38B35C0031A934 /* Frameworks */ = {
			isa = PBXFrameworksBuildPhase;
			buildActionMask = 2147483647;
			files = (
			);
			runOnlyForDeploymentPostprocessing = 0;
		};
/* End PBXFrameworksBuildPhase section */

/* Begin PBXGroup section */
		D634D3F42A38B35C0031A934 = {
			isa = PBXGroup;
			children = (
				D634D3FF2A38B35C0031A934 /* MPChallenge */,
				D634D3FE2A38B35C0031A934 /* Products */,
			);
			sourceTree = "<group>";
		};
		D634D3FE2A38B35C0031A934 /* Products */ = {
			isa = PBXGroup;
			children = (
				D634D3FD2A38B35C0031A934 /* MPChallenge.app */,
			);
			name = Products;
			sourceTree = "<group>";
		};
		D634D3FF2A38B35C0031A934 /* MPChallenge */ = {
			isa = PBXGroup;
			children = (
				98C9A02F2A3C9FA200EE5D6E /* MPChallenge.entitlements */,
				D634D4002A38B35C0031A934 /* MPChallengeApp.swift */,
				D634D4022A38B35C0031A934 /* ContentView.swift */,
				980EDCC22A40056800B2E725 /* TagButton.swift */,
				980EDCCE2A41DE8900B2E725 /* ItemLocationView.swift */,
				980EDCCC2A41CDF600B2E725 /* Tag.swift */,
				980EDCCA2A40984E00B2E725 /* Location.swift */,
				98C9A02B2A3C9D9800EE5D6E /* WeatherView.swift */,
				980EDCC42A40097E00B2E725 /* CreateRouteView.swift */,
				9802F8482A48F3D4009B7726 /* SelectButton.swift */,
				980EDCD02A44717E00B2E725 /* CreateRoteWeatherStatusView.swift */,
				98C9A0302A3CA34A00EE5D6E /* WeatherFakeView.swift */,
				98C9A02D2A3C9E8D00EE5D6E /* WeatherKitManager.swift */,
				98C9A0292A3C9D3F00EE5D6E /* CLLocationManager.swift */,
				D634D4042A38B35E0031A934 /* Assets.xcassets */,
				D634D4062A38B35E0031A934 /* Preview Content */,
			);
			path = MPChallenge;
			sourceTree = "<group>";
		};
		D634D4062A38B35E0031A934 /* Preview Content */ = {
			isa = PBXGroup;
			children = (
				D634D4072A38B35E0031A934 /* Preview Assets.xcassets */,
			);
			path = "Preview Content";
			sourceTree = "<group>";
		};
/* End PBXGroup section */

/* Begin PBXNativeTarget section */
		D634D3FC2A38B35C0031A934 /* MPChallenge */ = {
			isa = PBXNativeTarget;
			buildConfigurationList = D634D40B2A38B35E0031A934 /* Build configuration list for PBXNativeTarget "MPChallenge" */;
			buildPhases = (
				D634D3F92A38B35C0031A934 /* Sources */,
				D634D3FA2A38B35C0031A934 /* Frameworks */,
				D634D3FB2A38B35C0031A934 /* Resources */,
				14403F492A3A2FC10086F6ED /* ShellScript */,
			);
			buildRules = (
			);
			dependencies = (
			);
			name = MPChallenge;
			productName = MPChallenge;
			productReference = D634D3FD2A38B35C0031A934 /* MPChallenge.app */;
			productType = "com.apple.product-type.application";
		};
/* End PBXNativeTarget section */

/* Begin PBXProject section */
		D634D3F52A38B35C0031A934 /* Project object */ = {
			isa = PBXProject;
			attributes = {
				BuildIndependentTargetsInParallel = 1;
				LastSwiftUpdateCheck = 1430;
				LastUpgradeCheck = 1430;
				TargetAttributes = {
					D634D3FC2A38B35C0031A934 = {
						CreatedOnToolsVersion = 14.3.1;
					};
				};
			};
			buildConfigurationList = D634D3F82A38B35C0031A934 /* Build configuration list for PBXProject "MPChallenge" */;
			compatibilityVersion = "Xcode 14.0";
			developmentRegion = en;
			hasScannedForEncodings = 0;
			knownRegions = (
				en,
				Base,
			);
			mainGroup = D634D3F42A38B35C0031A934;
			productRefGroup = D634D3FE2A38B35C0031A934 /* Products */;
			projectDirPath = "";
			projectRoot = "";
			targets = (
				D634D3FC2A38B35C0031A934 /* MPChallenge */,
			);
		};
/* End PBXProject section */

/* Begin PBXResourcesBuildPhase section */
		D634D3FB2A38B35C0031A934 /* Resources */ = {
			isa = PBXResourcesBuildPhase;
			buildActionMask = 2147483647;
			files = (
				D634D4082A38B35E0031A934 /* Preview Assets.xcassets in Resources */,
				D634D4052A38B35E0031A934 /* Assets.xcassets in Resources */,
			);
			runOnlyForDeploymentPostprocessing = 0;
		};
/* End PBXResourcesBuildPhase section */

/* Begin PBXShellScriptBuildPhase section */
		14403F492A3A2FC10086F6ED /* ShellScript */ = {
			isa = PBXShellScriptBuildPhase;
			buildActionMask = 2147483647;
			files = (
			);
			inputFileListPaths = (
			);
			inputPaths = (
			);
			outputFileListPaths = (
			);
			outputPaths = (
			);
			runOnlyForDeploymentPostprocessing = 0;
			shellPath = /bin/sh;
			shellScript = "if [[ \"$(uname -m)\" == arm64 ]]; then\n    export PATH=\"/opt/homebrew/bin:$PATH\"\nfi\n\nif which swiftlint > /dev/null; then\n  swiftlint\nelse\n  echo \"warning: SwiftLint not installed, download from https://github.com/realm/SwiftLint\"\nfi\n";
		};
/* End PBXShellScriptBuildPhase section */

/* Begin PBXSourcesBuildPhase section */
		D634D3F92A38B35C0031A934 /* Sources */ = {
			isa = PBXSourcesBuildPhase;
			buildActionMask = 2147483647;
			files = (
				980EDCCF2A41DE8900B2E725 /* ItemLocationView.swift in Sources */,
				98C9A0312A3CA34A00EE5D6E /* WeatherFakeView.swift in Sources */,
				D634D4032A38B35C0031A934 /* ContentView.swift in Sources */,
				980EDCD12A44717E00B2E725 /* CreateRoteWeatherStatusView.swift in Sources */,
				980EDCCD2A41CDF600B2E725 /* Tag.swift in Sources */,
				D634D4012A38B35C0031A934 /* MPChallengeApp.swift in Sources */,
				980EDCC32A40056800B2E725 /* TagButton.swift in Sources */,
				980EDCCB2A40984E00B2E725 /* Location.swift in Sources */,
				98C9A02A2A3C9D3F00EE5D6E /* CLLocationManager.swift in Sources */,
				9802F8492A48F3D4009B7726 /* SelectButton.swift in Sources */,
				98C9A02C2A3C9D9800EE5D6E /* WeatherView.swift in Sources */,
				980EDCC52A40097E00B2E725 /* CreateRouteView.swift in Sources */,
				98C9A02E2A3C9E8D00EE5D6E /* WeatherKitManager.swift in Sources */,
			);
			runOnlyForDeploymentPostprocessing = 0;
		};
/* End PBXSourcesBuildPhase section */

/* Begin XCBuildConfiguration section */
		D634D4092A38B35E0031A934 /* Debug */ = {
			isa = XCBuildConfiguration;
			buildSettings = {
				ALWAYS_SEARCH_USER_PATHS = NO;
				CLANG_ANALYZER_NONNULL = YES;
				CLANG_ANALYZER_NUMBER_OBJECT_CONVERSION = YES_AGGRESSIVE;
				CLANG_CXX_LANGUAGE_STANDARD = "gnu++20";
				CLANG_ENABLE_MODULES = YES;
				CLANG_ENABLE_OBJC_ARC = YES;
				CLANG_ENABLE_OBJC_WEAK = YES;
				CLANG_WARN_BLOCK_CAPTURE_AUTORELEASING = YES;
				CLANG_WARN_BOOL_CONVERSION = YES;
				CLANG_WARN_COMMA = YES;
				CLANG_WARN_CONSTANT_CONVERSION = YES;
				CLANG_WARN_DEPRECATED_OBJC_IMPLEMENTATIONS = YES;
				CLANG_WARN_DIRECT_OBJC_ISA_USAGE = YES_ERROR;
				CLANG_WARN_DOCUMENTATION_COMMENTS = YES;
				CLANG_WARN_EMPTY_BODY = YES;
				CLANG_WARN_ENUM_CONVERSION = YES;
				CLANG_WARN_INFINITE_RECURSION = YES;
				CLANG_WARN_INT_CONVERSION = YES;
				CLANG_WARN_NON_LITERAL_NULL_CONVERSION = YES;
				CLANG_WARN_OBJC_IMPLICIT_RETAIN_SELF = YES;
				CLANG_WARN_OBJC_LITERAL_CONVERSION = YES;
				CLANG_WARN_OBJC_ROOT_CLASS = YES_ERROR;
				CLANG_WARN_QUOTED_INCLUDE_IN_FRAMEWORK_HEADER = YES;
				CLANG_WARN_RANGE_LOOP_ANALYSIS = YES;
				CLANG_WARN_STRICT_PROTOTYPES = YES;
				CLANG_WARN_SUSPICIOUS_MOVE = YES;
				CLANG_WARN_UNGUARDED_AVAILABILITY = YES_AGGRESSIVE;
				CLANG_WARN_UNREACHABLE_CODE = YES;
				CLANG_WARN__DUPLICATE_METHOD_MATCH = YES;
				COPY_PHASE_STRIP = NO;
				DEBUG_INFORMATION_FORMAT = dwarf;
				ENABLE_STRICT_OBJC_MSGSEND = YES;
				ENABLE_TESTABILITY = YES;
				GCC_C_LANGUAGE_STANDARD = gnu11;
				GCC_DYNAMIC_NO_PIC = NO;
				GCC_NO_COMMON_BLOCKS = YES;
				GCC_OPTIMIZATION_LEVEL = 0;
				GCC_PREPROCESSOR_DEFINITIONS = (
					"DEBUG=1",
					"$(inherited)",
				);
				GCC_WARN_64_TO_32_BIT_CONVERSION = YES;
				GCC_WARN_ABOUT_RETURN_TYPE = YES_ERROR;
				GCC_WARN_UNDECLARED_SELECTOR = YES;
				GCC_WARN_UNINITIALIZED_AUTOS = YES_AGGRESSIVE;
				GCC_WARN_UNUSED_FUNCTION = YES;
				GCC_WARN_UNUSED_VARIABLE = YES;
				IPHONEOS_DEPLOYMENT_TARGET = 16.4;
				MTL_ENABLE_DEBUG_INFO = INCLUDE_SOURCE;
				MTL_FAST_MATH = YES;
				ONLY_ACTIVE_ARCH = YES;
				SDKROOT = iphoneos;
				SWIFT_ACTIVE_COMPILATION_CONDITIONS = DEBUG;
				SWIFT_OPTIMIZATION_LEVEL = "-Onone";
			};
			name = Debug;
		};
		D634D40A2A38B35E0031A934 /* Release */ = {
			isa = XCBuildConfiguration;
			buildSettings = {
				ALWAYS_SEARCH_USER_PATHS = NO;
				CLANG_ANALYZER_NONNULL = YES;
				CLANG_ANALYZER_NUMBER_OBJECT_CONVERSION = YES_AGGRESSIVE;
				CLANG_CXX_LANGUAGE_STANDARD = "gnu++20";
				CLANG_ENABLE_MODULES = YES;
				CLANG_ENABLE_OBJC_ARC = YES;
				CLANG_ENABLE_OBJC_WEAK = YES;
				CLANG_WARN_BLOCK_CAPTURE_AUTORELEASING = YES;
				CLANG_WARN_BOOL_CONVERSION = YES;
				CLANG_WARN_COMMA = YES;
				CLANG_WARN_CONSTANT_CONVERSION = YES;
				CLANG_WARN_DEPRECATED_OBJC_IMPLEMENTATIONS = YES;
				CLANG_WARN_DIRECT_OBJC_ISA_USAGE = YES_ERROR;
				CLANG_WARN_DOCUMENTATION_COMMENTS = YES;
				CLANG_WARN_EMPTY_BODY = YES;
				CLANG_WARN_ENUM_CONVERSION = YES;
				CLANG_WARN_INFINITE_RECURSION = YES;
				CLANG_WARN_INT_CONVERSION = YES;
				CLANG_WARN_NON_LITERAL_NULL_CONVERSION = YES;
				CLANG_WARN_OBJC_IMPLICIT_RETAIN_SELF = YES;
				CLANG_WARN_OBJC_LITERAL_CONVERSION = YES;
				CLANG_WARN_OBJC_ROOT_CLASS = YES_ERROR;
				CLANG_WARN_QUOTED_INCLUDE_IN_FRAMEWORK_HEADER = YES;
				CLANG_WARN_RANGE_LOOP_ANALYSIS = YES;
				CLANG_WARN_STRICT_PROTOTYPES = YES;
				CLANG_WARN_SUSPICIOUS_MOVE = YES;
				CLANG_WARN_UNGUARDED_AVAILABILITY = YES_AGGRESSIVE;
				CLANG_WARN_UNREACHABLE_CODE = YES;
				CLANG_WARN__DUPLICATE_METHOD_MATCH = YES;
				COPY_PHASE_STRIP = NO;
				DEBUG_INFORMATION_FORMAT = "dwarf-with-dsym";
				ENABLE_NS_ASSERTIONS = NO;
				ENABLE_STRICT_OBJC_MSGSEND = YES;
				GCC_C_LANGUAGE_STANDARD = gnu11;
				GCC_NO_COMMON_BLOCKS = YES;
				GCC_WARN_64_TO_32_BIT_CONVERSION = YES;
				GCC_WARN_ABOUT_RETURN_TYPE = YES_ERROR;
				GCC_WARN_UNDECLARED_SELECTOR = YES;
				GCC_WARN_UNINITIALIZED_AUTOS = YES_AGGRESSIVE;
				GCC_WARN_UNUSED_FUNCTION = YES;
				GCC_WARN_UNUSED_VARIABLE = YES;
				IPHONEOS_DEPLOYMENT_TARGET = 16.4;
				MTL_ENABLE_DEBUG_INFO = NO;
				MTL_FAST_MATH = YES;
				SDKROOT = iphoneos;
				SWIFT_COMPILATION_MODE = wholemodule;
				SWIFT_OPTIMIZATION_LEVEL = "-O";
				VALIDATE_PRODUCT = YES;
			};
			name = Release;
		};
		D634D40C2A38B35E0031A934 /* Debug */ = {
			isa = XCBuildConfiguration;
			buildSettings = {
				ASSETCATALOG_COMPILER_APPICON_NAME = AppIcon;
				ASSETCATALOG_COMPILER_GLOBAL_ACCENT_COLOR_NAME = AccentColor;
				CODE_SIGN_ENTITLEMENTS = MPChallenge/MPChallenge.entitlements;
				CODE_SIGN_IDENTITY = "Apple Development";
				CODE_SIGN_STYLE = Automatic;
				CURRENT_PROJECT_VERSION = 1;
				DEVELOPMENT_ASSET_PATHS = "\"MPChallenge/Preview Content\"";
				DEVELOPMENT_TEAM = 8DK9849PTW;
				ENABLE_PREVIEWS = YES;
				GENERATE_INFOPLIST_FILE = YES;
				INFOPLIST_KEY_CFBundleDisplayName = "Sabiá";
				INFOPLIST_KEY_NSLocationWhenInUseUsageDescription = "Sua localização será usada para sugerir locais ou atrações para visitar na cidade em que você se encontra e fornecer itinerários.";
				INFOPLIST_KEY_UIApplicationSceneManifest_Generation = YES;
				INFOPLIST_KEY_UIApplicationSupportsIndirectInputEvents = YES;
				INFOPLIST_KEY_UILaunchScreen_Generation = YES;
				INFOPLIST_KEY_UISupportedInterfaceOrientations = UIInterfaceOrientationPortrait;
				INFOPLIST_KEY_UISupportedInterfaceOrientations_iPad = "UIInterfaceOrientationLandscapeLeft UIInterfaceOrientationLandscapeRight UIInterfaceOrientationPortrait UIInterfaceOrientationPortraitUpsideDown";
				LD_RUNPATH_SEARCH_PATHS = (
					"$(inherited)",
					"@executable_path/Frameworks",
				);
				MARKETING_VERSION = 1.0;
				PRODUCT_BUNDLE_IDENTIFIER = com.Ieda.DailyDoodle.MPChallenge;
				PRODUCT_NAME = "$(TARGET_NAME)";
				PROVISIONING_PROFILE_SPECIFIER = "";
				SUPPORTED_PLATFORMS = "iphoneos iphonesimulator";
				SUPPORTS_MACCATALYST = NO;
				SUPPORTS_MAC_DESIGNED_FOR_IPHONE_IPAD = NO;
				SWIFT_EMIT_LOC_STRINGS = YES;
				SWIFT_VERSION = 5.0;
				TARGETED_DEVICE_FAMILY = 1;
			};
			name = Debug;
		};
		D634D40D2A38B35E0031A934 /* Release */ = {
			isa = XCBuildConfiguration;
			buildSettings = {
				ASSETCATALOG_COMPILER_APPICON_NAME = AppIcon;
				ASSETCATALOG_COMPILER_GLOBAL_ACCENT_COLOR_NAME = AccentColor;
				CODE_SIGN_ENTITLEMENTS = MPChallenge/MPChallenge.entitlements;
				CODE_SIGN_IDENTITY = "Apple Development";
				CODE_SIGN_STYLE = Automatic;
				CURRENT_PROJECT_VERSION = 1;
				DEVELOPMENT_ASSET_PATHS = "\"MPChallenge/Preview Content\"";
				DEVELOPMENT_TEAM = 8DK9849PTW;
				ENABLE_PREVIEWS = YES;
				GENERATE_INFOPLIST_FILE = YES;
				INFOPLIST_KEY_CFBundleDisplayName = "Sabiá";
				INFOPLIST_KEY_NSLocationWhenInUseUsageDescription = "Sua localização será usada para sugerir locais ou atrações para visitar na cidade em que você se encontra e fornecer itinerários.";
				INFOPLIST_KEY_UIApplicationSceneManifest_Generation = YES;
				INFOPLIST_KEY_UIApplicationSupportsIndirectInputEvents = YES;
				INFOPLIST_KEY_UILaunchScreen_Generation = YES;
				INFOPLIST_KEY_UISupportedInterfaceOrientations = UIInterfaceOrientationPortrait;
				INFOPLIST_KEY_UISupportedInterfaceOrientations_iPad = "UIInterfaceOrientationLandscapeLeft UIInterfaceOrientationLandscapeRight UIInterfaceOrientationPortrait UIInterfaceOrientationPortraitUpsideDown";
				LD_RUNPATH_SEARCH_PATHS = (
					"$(inherited)",
					"@executable_path/Frameworks",
				);
				MARKETING_VERSION = 1.0;
				PRODUCT_BUNDLE_IDENTIFIER = com.Ieda.DailyDoodle.MPChallenge;
				PRODUCT_NAME = "$(TARGET_NAME)";
				PROVISIONING_PROFILE_SPECIFIER = "";
				SUPPORTED_PLATFORMS = "iphoneos iphonesimulator";
				SUPPORTS_MACCATALYST = NO;
				SUPPORTS_MAC_DESIGNED_FOR_IPHONE_IPAD = NO;
				SWIFT_EMIT_LOC_STRINGS = YES;
				SWIFT_VERSION = 5.0;
				TARGETED_DEVICE_FAMILY = 1;
			};
			name = Release;
		};
/* End XCBuildConfiguration section */

/* Begin XCConfigurationList section */
		D634D3F82A38B35C0031A934 /* Build configuration list for PBXProject "MPChallenge" */ = {
			isa = XCConfigurationList;
			buildConfigurations = (
				D634D4092A38B35E0031A934 /* Debug */,
				D634D40A2A38B35E0031A934 /* Release */,
			);
			defaultConfigurationIsVisible = 0;
			defaultConfigurationName = Release;
		};
		D634D40B2A38B35E0031A934 /* Build configuration list for PBXNativeTarget "MPChallenge" */ = {
			isa = XCConfigurationList;
			buildConfigurations = (
				D634D40C2A38B35E0031A934 /* Debug */,
				D634D40D2A38B35E0031A934 /* Release */,
			);
			defaultConfigurationIsVisible = 0;
			defaultConfigurationName = Release;
		};
/* End XCConfigurationList section */
	};
	rootObject = D634D3F52A38B35C0031A934 /* Project object */;
}
